github.com/NF4Caniago/golang-pzn-modules v1.0.0 h1:6dtgl+oIHx4poFmAhaH1x0MBVI8rH7XHIZLpDJ7lJ5M=
github.com/NF4Caniago/golang-pzn-modules v1.0.0/go.mod h1:jYeFBrhH9fHgYi6fBP4oyu2s+MDW31ProRtZWPLASO8=
github.com/NF4Caniago/golang-pzn-modules v1.0.1 h1:djenxQYsM5jGZ27TEynxFWdYEl8gTjn69D0UnxcG7zY=
github.com/NF4Caniago/golang-pzn-modules v1.0.1/go.mod h1:jYeFBrhH9fHgYi6fBP4oyu2s+MDW31ProRtZWPLASO8=
