github.com/NF4Caniago/golang-pzn-modules v1.0.1 h1:djenxQYsM5jGZ27TEynxFWdYEl8gTjn69D0UnxcG7zY=
github.com/NF4Caniago/golang-pzn-modules v1.0.1/go.mod h1:jYeFBrhH9fHgYi6fBP4oyu2s+MDW31ProRtZWPLASO8=
github.com/NF4Caniago/golang-pzn-modules/v4 v4.0.0 h1:KgosL4SJxeEUtqUgGwk6ubih/yp9je4UGGpAgcUP18k=
github.com/NF4Caniago/golang-pzn-modules/v4 v4.0.0/go.mod h1:L8sisCv54DbZSGlnaGmF94AIAEX7klV5DlwF1wpJIUg=
